
Microsoft Visual Studio Solution File, Format Version 12.00
# Visual Studio Version 16
VisualStudioVersion = 25.0.1706.13
MinimumVisualStudioVersion = 10.0.40219.1
Project("{FAE04EC0-301F-11D3-BF4B-00C04F79EFBC}") = "CustomerService", "CustomerService\CustomerService.csproj", "{AA8C91BA-2E7D-4B18-BBDB-D8BFB7F3AC98}"
EndProject
Project("{FAE04EC0-301F-11D3-BF4B-00C04F79EFBC}") = "Application", "Application\Application.csproj", "{AA50B5F3-1BDB-49AB-B34E-CC635AF7B074}"
EndProject
Project("{FAE04EC0-301F-11D3-BF4B-00C04F79EFBC}") = "Domain", "Domain\Domain.csproj", "{D27DA2FB-BC38-431B-97EA-01492401887D}"
EndProject
Project("{FAE04EC0-301F-11D3-BF4B-00C04F79EFBC}") = "Infrastructure", "Infrastructure\Infrastructure.csproj", "{F303BC68-635F-42CD-B40A-FF72FCE0979E}"
EndProject
Project("{FAE04EC0-301F-11D3-BF4B-00C04F79EFBC}") = "Presentation", "Presentation\Presentation.csproj", "{D843E5BB-EE1D-4BB0-AE71-890A15FEA11E}"
EndProject
Global
	GlobalSection(SolutionConfigurationPlatforms) = preSolution
		Debug|Any CPU = Debug|Any CPU
		Release|Any CPU = Release|Any CPU
	EndGlobalSection
	GlobalSection(ProjectConfigurationPlatforms) = postSolution
		{AA8C91BA-2E7D-4B18-BBDB-D8BFB7F3AC98}.Debug|Any CPU.ActiveCfg = Debug|Any CPU
		{AA8C91BA-2E7D-4B18-BBDB-D8BFB7F3AC98}.Debug|Any CPU.Build.0 = Debug|Any CPU
		{AA8C91BA-2E7D-4B18-BBDB-D8BFB7F3AC98}.Release|Any CPU.ActiveCfg = Release|Any CPU
		{AA8C91BA-2E7D-4B18-BBDB-D8BFB7F3AC98}.Release|Any CPU.Build.0 = Release|Any CPU
		{AA50B5F3-1BDB-49AB-B34E-CC635AF7B074}.Debug|Any CPU.ActiveCfg = Debug|Any CPU
		{AA50B5F3-1BDB-49AB-B34E-CC635AF7B074}.Debug|Any CPU.Build.0 = Debug|Any CPU
		{AA50B5F3-1BDB-49AB-B34E-CC635AF7B074}.Release|Any CPU.ActiveCfg = Release|Any CPU
		{AA50B5F3-1BDB-49AB-B34E-CC635AF7B074}.Release|Any CPU.Build.0 = Release|Any CPU
		{D27DA2FB-BC38-431B-97EA-01492401887D}.Debug|Any CPU.ActiveCfg = Debug|Any CPU
		{D27DA2FB-BC38-431B-97EA-01492401887D}.Debug|Any CPU.Build.0 = Debug|Any CPU
		{D27DA2FB-BC38-431B-97EA-01492401887D}.Release|Any CPU.ActiveCfg = Release|Any CPU
		{D27DA2FB-BC38-431B-97EA-01492401887D}.Release|Any CPU.Build.0 = Release|Any CPU
		{F303BC68-635F-42CD-B40A-FF72FCE0979E}.Debug|Any CPU.ActiveCfg = Debug|Any CPU
		{F303BC68-635F-42CD-B40A-FF72FCE0979E}.Debug|Any CPU.Build.0 = Debug|Any CPU
		{F303BC68-635F-42CD-B40A-FF72FCE0979E}.Release|Any CPU.ActiveCfg = Release|Any CPU
		{F303BC68-635F-42CD-B40A-FF72FCE0979E}.Release|Any CPU.Build.0 = Release|Any CPU
		{D843E5BB-EE1D-4BB0-AE71-890A15FEA11E}.Debug|Any CPU.ActiveCfg = Debug|Any CPU
		{D843E5BB-EE1D-4BB0-AE71-890A15FEA11E}.Debug|Any CPU.Build.0 = Debug|Any CPU
		{D843E5BB-EE1D-4BB0-AE71-890A15FEA11E}.Release|Any CPU.ActiveCfg = Release|Any CPU
		{D843E5BB-EE1D-4BB0-AE71-890A15FEA11E}.Release|Any CPU.Build.0 = Release|Any CPU
	EndGlobalSection
	GlobalSection(SolutionProperties) = preSolution
		HideSolutionNode = FALSE
	EndGlobalSection
	GlobalSection(ExtensibilityGlobals) = postSolution
		SolutionGuid = {F3673F09-7577-42BF-AE9B-53D833292EE5}
	EndGlobalSection
EndGlobal
